// !$*UTF8*$!
{
	archiveVersion = 1;
	classes = {
	};
	objectVersion = 50;
	objects = {

/* Begin PBXBuildFile section */
		D2555990262B97A600A84CB8 /* SecondaryTitleLabel.swift in Sources */ = {isa = PBXBuildFile; fileRef = D255598F262B97A600A84CB8 /* SecondaryTitleLabel.swift */; };
		D2555992262BA5D900A84CB8 /* UserDetailsHeaderVC.swift in Sources */ = {isa = PBXBuildFile; fileRef = D2555991262BA5D800A84CB8 /* UserDetailsHeaderVC.swift */; };
		D25585BA2628DBC200EC7725 /* CustomFollowerImage.swift in Sources */ = {isa = PBXBuildFile; fileRef = D25585B92628DBC200EC7725 /* CustomFollowerImage.swift */; };
		D25585BC2628DC0C00EC7725 /* FollowerCollectionViewCell.swift in Sources */ = {isa = PBXBuildFile; fileRef = D25585BB2628DC0C00EC7725 /* FollowerCollectionViewCell.swift */; };
		D258DF492628898600CE501D /* NetworkManager.swift in Sources */ = {isa = PBXBuildFile; fileRef = D258DF482628898600CE501D /* NetworkManager.swift */; };
		D258DF4B2628A89E00CE501D /* ErrorMessage.swift in Sources */ = {isa = PBXBuildFile; fileRef = D258DF4A2628A89E00CE501D /* ErrorMessage.swift */; };
		D25BFD582624E5A0000A2A0E /* MyCustomButton.swift in Sources */ = {isa = PBXBuildFile; fileRef = D25BFD572624E5A0000A2A0E /* MyCustomButton.swift */; };
		D25BFD5A2624E82F000A2A0E /* MyCustomTextField.swift in Sources */ = {isa = PBXBuildFile; fileRef = D25BFD592624E82F000A2A0E /* MyCustomTextField.swift */; };
		D25BFD5C2624FD2E000A2A0E /* Constants.swift in Sources */ = {isa = PBXBuildFile; fileRef = D25BFD5B2624FD2E000A2A0E /* Constants.swift */; };
		D25BFD5E26250EA0000A2A0E /* FollowersVC.swift in Sources */ = {isa = PBXBuildFile; fileRef = D25BFD5D26250EA0000A2A0E /* FollowersVC.swift */; };
		D25C063F2624AB1800B4A2B6 /* SearchVC.swift in Sources */ = {isa = PBXBuildFile; fileRef = D25C063E2624AB1800B4A2B6 /* SearchVC.swift */; };
		D25C06412624AB2D00B4A2B6 /* FavouritesVC.swift in Sources */ = {isa = PBXBuildFile; fileRef = D25C06402624AB2D00B4A2B6 /* FavouritesVC.swift */; };
		D260D8CF262B6DB700A6B1BB /* RequestWrapper.swift in Sources */ = {isa = PBXBuildFile; fileRef = D260D8CE262B6DB700A6B1BB /* RequestWrapper.swift */; };
		D260D8D2262B6FEF00A6B1BB /* DataSourceWrapper.swift in Sources */ = {isa = PBXBuildFile; fileRef = D260D8D1262B6FEF00A6B1BB /* DataSourceWrapper.swift */; };
		D268D863262E493900E47F02 /* ItemInfoView.swift in Sources */ = {isa = PBXBuildFile; fileRef = D268D862262E493900E47F02 /* ItemInfoView.swift */; };
		D268D865262E585C00E47F02 /* GeneralItemInfoVC.swift in Sources */ = {isa = PBXBuildFile; fileRef = D268D864262E585C00E47F02 /* GeneralItemInfoVC.swift */; };
		D268D868262E655500E47F02 /* GithubFollowerItemVc.swift in Sources */ = {isa = PBXBuildFile; fileRef = D268D867262E655500E47F02 /* GithubFollowerItemVc.swift */; };
		D268D86A262E673500E47F02 /* RepositoryItemVC.swift in Sources */ = {isa = PBXBuildFile; fileRef = D268D869262E673500E47F02 /* RepositoryItemVC.swift */; };
		D271BDDC2625E3D10007EF81 /* UIViewController+Extensions.swift in Sources */ = {isa = PBXBuildFile; fileRef = D271BDDB2625E3D10007EF81 /* UIViewController+Extensions.swift */; };
		D271BDE3262631070007EF81 /* User.swift in Sources */ = {isa = PBXBuildFile; fileRef = D271BDE2262631070007EF81 /* User.swift */; };
		D271BDE52626312F0007EF81 /* Follower.swift in Sources */ = {isa = PBXBuildFile; fileRef = D271BDE42626312F0007EF81 /* Follower.swift */; };
		D298624C2633A350006A1152 /* PersistenceManager.swift in Sources */ = {isa = PBXBuildFile; fileRef = D298624B2633A350006A1152 /* PersistenceManager.swift */; };
		D29C9B95262FD40D00817967 /* Date+Ext.swift in Sources */ = {isa = PBXBuildFile; fileRef = D29C9B94262FD40D00817967 /* Date+Ext.swift */; };
		D29C9B97262FD42500817967 /* String+Ext.swift in Sources */ = {isa = PBXBuildFile; fileRef = D29C9B96262FD42500817967 /* String+Ext.swift */; };
		D2A230612625DB800033F67C /* CustomTitleLabel.swift in Sources */ = {isa = PBXBuildFile; fileRef = D2A230602625DB800033F67C /* CustomTitleLabel.swift */; };
		D2A230632625DB930033F67C /* customBodyLabel.swift in Sources */ = {isa = PBXBuildFile; fileRef = D2A230622625DB930033F67C /* customBodyLabel.swift */; };
		D2A230652625DC300033F67C /* AlertVC.swift in Sources */ = {isa = PBXBuildFile; fileRef = D2A230642625DC300033F67C /* AlertVC.swift */; };
		D2A367FC2629E6320005C160 /* UIHelper.swift in Sources */ = {isa = PBXBuildFile; fileRef = D2A367FB2629E6320005C160 /* UIHelper.swift */; };
		D2A615DD2623C543003A524F /* AppDelegate.swift in Sources */ = {isa = PBXBuildFile; fileRef = D2A615DC2623C543003A524F /* AppDelegate.swift */; };
		D2A615DF2623C543003A524F /* SceneDelegate.swift in Sources */ = {isa = PBXBuildFile; fileRef = D2A615DE2623C543003A524F /* SceneDelegate.swift */; };
		D2A615E62623C54A003A524F /* Assets.xcassets in Resources */ = {isa = PBXBuildFile; fileRef = D2A615E52623C54A003A524F /* Assets.xcassets */; };
		D2A615E92623C54A003A524F /* LaunchScreen.storyboard in Resources */ = {isa = PBXBuildFile; fileRef = D2A615E72623C54A003A524F /* LaunchScreen.storyboard */; };
		D2BB20AA262B3AA300C80A2F /* UserDetailsVC.swift in Sources */ = {isa = PBXBuildFile; fileRef = D2BB20A9262B3AA300C80A2F /* UserDetailsVC.swift */; };
		D2E0E362262A8CAE002ECBA7 /* EmptyStateView.swift in Sources */ = {isa = PBXBuildFile; fileRef = D2E0E361262A8CAE002ECBA7 /* EmptyStateView.swift */; };
/* End PBXBuildFile section */

/* Begin PBXFileReference section */
		D255598F262B97A600A84CB8 /* SecondaryTitleLabel.swift */ = {isa = PBXFileReference; lastKnownFileType = sourcecode.swift; path = SecondaryTitleLabel.swift; sourceTree = "<group>"; };
		D2555991262BA5D800A84CB8 /* UserDetailsHeaderVC.swift */ = {isa = PBXFileReference; lastKnownFileType = sourcecode.swift; path = UserDetailsHeaderVC.swift; sourceTree = "<group>"; };
		D25585B92628DBC200EC7725 /* CustomFollowerImage.swift */ = {isa = PBXFileReference; lastKnownFileType = sourcecode.swift; path = CustomFollowerImage.swift; sourceTree = "<group>"; };
		D25585BB2628DC0C00EC7725 /* FollowerCollectionViewCell.swift */ = {isa = PBXFileReference; lastKnownFileType = sourcecode.swift; path = FollowerCollectionViewCell.swift; sourceTree = "<group>"; };
		D258DF482628898600CE501D /* NetworkManager.swift */ = {isa = PBXFileReference; lastKnownFileType = sourcecode.swift; path = NetworkManager.swift; sourceTree = "<group>"; };
		D258DF4A2628A89E00CE501D /* ErrorMessage.swift */ = {isa = PBXFileReference; lastKnownFileType = sourcecode.swift; path = ErrorMessage.swift; sourceTree = "<group>"; };
		D25BFD572624E5A0000A2A0E /* MyCustomButton.swift */ = {isa = PBXFileReference; lastKnownFileType = sourcecode.swift; path = MyCustomButton.swift; sourceTree = "<group>"; };
		D25BFD592624E82F000A2A0E /* MyCustomTextField.swift */ = {isa = PBXFileReference; lastKnownFileType = sourcecode.swift; path = MyCustomTextField.swift; sourceTree = "<group>"; };
		D25BFD5B2624FD2E000A2A0E /* Constants.swift */ = {isa = PBXFileReference; lastKnownFileType = sourcecode.swift; path = Constants.swift; sourceTree = "<group>"; };
		D25BFD5D26250EA0000A2A0E /* FollowersVC.swift */ = {isa = PBXFileReference; lastKnownFileType = sourcecode.swift; path = FollowersVC.swift; sourceTree = "<group>"; };
		D25C063E2624AB1800B4A2B6 /* SearchVC.swift */ = {isa = PBXFileReference; lastKnownFileType = sourcecode.swift; path = SearchVC.swift; sourceTree = "<group>"; };
		D25C06402624AB2D00B4A2B6 /* FavouritesVC.swift */ = {isa = PBXFileReference; lastKnownFileType = sourcecode.swift; path = FavouritesVC.swift; sourceTree = "<group>"; };
		D260D8CE262B6DB700A6B1BB /* RequestWrapper.swift */ = {isa = PBXFileReference; lastKnownFileType = sourcecode.swift; path = RequestWrapper.swift; sourceTree = "<group>"; };
		D260D8D1262B6FEF00A6B1BB /* DataSourceWrapper.swift */ = {isa = PBXFileReference; lastKnownFileType = sourcecode.swift; path = DataSourceWrapper.swift; sourceTree = "<group>"; };
		D268D862262E493900E47F02 /* ItemInfoView.swift */ = {isa = PBXFileReference; lastKnownFileType = sourcecode.swift; path = ItemInfoView.swift; sourceTree = "<group>"; };
		D268D864262E585C00E47F02 /* GeneralItemInfoVC.swift */ = {isa = PBXFileReference; lastKnownFileType = sourcecode.swift; path = GeneralItemInfoVC.swift; sourceTree = "<group>"; };
		D268D867262E655500E47F02 /* GithubFollowerItemVc.swift */ = {isa = PBXFileReference; lastKnownFileType = sourcecode.swift; path = GithubFollowerItemVc.swift; sourceTree = "<group>"; };
		D268D869262E673500E47F02 /* RepositoryItemVC.swift */ = {isa = PBXFileReference; lastKnownFileType = sourcecode.swift; path = RepositoryItemVC.swift; sourceTree = "<group>"; };
		D271BDDB2625E3D10007EF81 /* UIViewController+Extensions.swift */ = {isa = PBXFileReference; lastKnownFileType = sourcecode.swift; path = "UIViewController+Extensions.swift"; sourceTree = "<group>"; };
		D271BDE2262631070007EF81 /* User.swift */ = {isa = PBXFileReference; lastKnownFileType = sourcecode.swift; path = User.swift; sourceTree = "<group>"; };
		D271BDE42626312F0007EF81 /* Follower.swift */ = {isa = PBXFileReference; lastKnownFileType = sourcecode.swift; path = Follower.swift; sourceTree = "<group>"; };
		D298624B2633A350006A1152 /* PersistenceManager.swift */ = {isa = PBXFileReference; lastKnownFileType = sourcecode.swift; path = PersistenceManager.swift; sourceTree = "<group>"; };
		D29C9B94262FD40D00817967 /* Date+Ext.swift */ = {isa = PBXFileReference; lastKnownFileType = sourcecode.swift; path = "Date+Ext.swift"; sourceTree = "<group>"; };
		D29C9B96262FD42500817967 /* String+Ext.swift */ = {isa = PBXFileReference; lastKnownFileType = sourcecode.swift; path = "String+Ext.swift"; sourceTree = "<group>"; };
		D2A230602625DB800033F67C /* CustomTitleLabel.swift */ = {isa = PBXFileReference; lastKnownFileType = sourcecode.swift; path = CustomTitleLabel.swift; sourceTree = "<group>"; };
		D2A230622625DB930033F67C /* customBodyLabel.swift */ = {isa = PBXFileReference; lastKnownFileType = sourcecode.swift; path = customBodyLabel.swift; sourceTree = "<group>"; };
		D2A230642625DC300033F67C /* AlertVC.swift */ = {isa = PBXFileReference; lastKnownFileType = sourcecode.swift; path = AlertVC.swift; sourceTree = "<group>"; };
		D2A367FB2629E6320005C160 /* UIHelper.swift */ = {isa = PBXFileReference; lastKnownFileType = sourcecode.swift; path = UIHelper.swift; sourceTree = "<group>"; };
		D2A615D92623C543003A524F /* Github-Followers.app */ = {isa = PBXFileReference; explicitFileType = wrapper.application; includeInIndex = 0; path = "Github-Followers.app"; sourceTree = BUILT_PRODUCTS_DIR; };
		D2A615DC2623C543003A524F /* AppDelegate.swift */ = {isa = PBXFileReference; lastKnownFileType = sourcecode.swift; path = AppDelegate.swift; sourceTree = "<group>"; };
		D2A615DE2623C543003A524F /* SceneDelegate.swift */ = {isa = PBXFileReference; lastKnownFileType = sourcecode.swift; path = SceneDelegate.swift; sourceTree = "<group>"; };
		D2A615E52623C54A003A524F /* Assets.xcassets */ = {isa = PBXFileReference; lastKnownFileType = folder.assetcatalog; path = Assets.xcassets; sourceTree = "<group>"; };
		D2A615E82623C54A003A524F /* Base */ = {isa = PBXFileReference; lastKnownFileType = file.storyboard; name = Base; path = Base.lproj/LaunchScreen.storyboard; sourceTree = "<group>"; };
		D2A615EA2623C54A003A524F /* Info.plist */ = {isa = PBXFileReference; lastKnownFileType = text.plist.xml; path = Info.plist; sourceTree = "<group>"; };
		D2BB20A9262B3AA300C80A2F /* UserDetailsVC.swift */ = {isa = PBXFileReference; lastKnownFileType = sourcecode.swift; path = UserDetailsVC.swift; sourceTree = "<group>"; };
		D2E0E361262A8CAE002ECBA7 /* EmptyStateView.swift */ = {isa = PBXFileReference; lastKnownFileType = sourcecode.swift; path = EmptyStateView.swift; sourceTree = "<group>"; };
/* End PBXFileReference section */

/* Begin PBXFrameworksBuildPhase section */
		D2A615D62623C543003A524F /* Frameworks */ = {
			isa = PBXFrameworksBuildPhase;
			buildActionMask = 2147483647;
			files = (
			);
			runOnlyForDeploymentPostprocessing = 0;
		};
/* End PBXFrameworksBuildPhase section */

/* Begin PBXGroup section */
		D258DF472628895A00CE501D /* managers */ = {
			isa = PBXGroup;
			children = (
				D258DF482628898600CE501D /* NetworkManager.swift */,
				D260D8CE262B6DB700A6B1BB /* RequestWrapper.swift */,
				D298624B2633A350006A1152 /* PersistenceManager.swift */,
			);
			path = managers;
			sourceTree = "<group>";
		};
		D25C063D2624AAFB00B4A2B6 /* ui */ = {
			isa = PBXGroup;
			children = (
				D271BDDD2625E7D10007EF81 /* screens */,
				D2604C082624DEDA00E1C9A3 /* reusable_components */,
			);
			path = ui;
			sourceTree = "<group>";
		};
		D2604C082624DEDA00E1C9A3 /* reusable_components */ = {
			isa = PBXGroup;
			children = (
				D2E0E360262A8C6E002ECBA7 /* views */,
				D2E0E35F262A8C64002ECBA7 /* cell */,
				D2E0E35E262A8C59002ECBA7 /* images */,
				D2E0E35D262A8C33002ECBA7 /* view_controllers */,
				D2E0E35C262A8C2A002ECBA7 /* labels */,
				D2E0E35B262A8C20002ECBA7 /* textfield */,
				D2E0E35A262A8C0E002ECBA7 /* buttons */,
			);
			path = reusable_components;
			sourceTree = "<group>";
		};
		D260D8D0262B6FBB00A6B1BB /* data_source */ = {
			isa = PBXGroup;
			children = (
				D260D8D1262B6FEF00A6B1BB /* DataSourceWrapper.swift */,
			);
			path = data_source;
			sourceTree = "<group>";
		};
		D268D866262E652300E47F02 /* item_user_info */ = {
			isa = PBXGroup;
			children = (
				D268D864262E585C00E47F02 /* GeneralItemInfoVC.swift */,
				D268D867262E655500E47F02 /* GithubFollowerItemVc.swift */,
				D268D869262E673500E47F02 /* RepositoryItemVC.swift */,
			);
			path = item_user_info;
			sourceTree = "<group>";
		};
		D271BDDA2625E37E0007EF81 /* utilities */ = {
			isa = PBXGroup;
			children = (
				D271BDDF2625E8E60007EF81 /* extentions */,
				D25BFD5B2624FD2E000A2A0E /* Constants.swift */,
				D258DF4A2628A89E00CE501D /* ErrorMessage.swift */,
				D2A367FB2629E6320005C160 /* UIHelper.swift */,
			);
			path = utilities;
			sourceTree = "<group>";
		};
		D271BDDD2625E7D10007EF81 /* screens */ = {
			isa = PBXGroup;
			children = (
				D25C06402624AB2D00B4A2B6 /* FavouritesVC.swift */,
				D25C063E2624AB1800B4A2B6 /* SearchVC.swift */,
				D25BFD5D26250EA0000A2A0E /* FollowersVC.swift */,
				D2BB20A9262B3AA300C80A2F /* UserDetailsVC.swift */,
			);
			path = screens;
			sourceTree = "<group>";
		};
		D271BDDE2625E85C0007EF81 /* support */ = {
			isa = PBXGroup;
			children = (
				D2A615DE2623C543003A524F /* SceneDelegate.swift */,
				D2A615E72623C54A003A524F /* LaunchScreen.storyboard */,
				D2A615E52623C54A003A524F /* Assets.xcassets */,
				D2A615DC2623C543003A524F /* AppDelegate.swift */,
			);
			path = support;
			sourceTree = "<group>";
		};
		D271BDDF2625E8E60007EF81 /* extentions */ = {
			isa = PBXGroup;
			children = (
				D271BDDB2625E3D10007EF81 /* UIViewController+Extensions.swift */,
				D29C9B94262FD40D00817967 /* Date+Ext.swift */,
				D29C9B96262FD42500817967 /* String+Ext.swift */,
			);
			path = extentions;
			sourceTree = "<group>";
		};
		D271BDE0262630E90007EF81 /* data */ = {
			isa = PBXGroup;
			children = (
				D260D8D0262B6FBB00A6B1BB /* data_source */,
				D258DF472628895A00CE501D /* managers */,
				D271BDE1262630F00007EF81 /* model */,
			);
			path = data;
			sourceTree = "<group>";
		};
		D271BDE1262630F00007EF81 /* model */ = {
			isa = PBXGroup;
			children = (
				D271BDE2262631070007EF81 /* User.swift */,
				D271BDE42626312F0007EF81 /* Follower.swift */,
			);
			path = model;
			sourceTree = "<group>";
		};
		D2A615D02623C543003A524F = {
			isa = PBXGroup;
			children = (
				D2A615DB2623C543003A524F /* Github-Followers */,
				D2A615DA2623C543003A524F /* Products */,
			);
			sourceTree = "<group>";
		};
		D2A615DA2623C543003A524F /* Products */ = {
			isa = PBXGroup;
			children = (
				D2A615D92623C543003A524F /* Github-Followers.app */,
			);
			name = Products;
			sourceTree = "<group>";
		};
		D2A615DB2623C543003A524F /* Github-Followers */ = {
			isa = PBXGroup;
			children = (
				D25C063D2624AAFB00B4A2B6 /* ui */,
				D271BDE0262630E90007EF81 /* data */,
				D271BDDA2625E37E0007EF81 /* utilities */,
				D271BDDE2625E85C0007EF81 /* support */,
				D2A615EA2623C54A003A524F /* Info.plist */,
			);
			path = "Github-Followers";
			sourceTree = "<group>";
		};
		D2E0E35A262A8C0E002ECBA7 /* buttons */ = {
			isa = PBXGroup;
			children = (
				D25BFD572624E5A0000A2A0E /* MyCustomButton.swift */,
			);
			path = buttons;
			sourceTree = "<group>";
		};
		D2E0E35B262A8C20002ECBA7 /* textfield */ = {
			isa = PBXGroup;
			children = (
				D25BFD592624E82F000A2A0E /* MyCustomTextField.swift */,
			);
			path = textfield;
			sourceTree = "<group>";
		};
		D2E0E35C262A8C2A002ECBA7 /* labels */ = {
			isa = PBXGroup;
			children = (
				D2A230622625DB930033F67C /* customBodyLabel.swift */,
				D2A230602625DB800033F67C /* CustomTitleLabel.swift */,
				D255598F262B97A600A84CB8 /* SecondaryTitleLabel.swift */,
			);
			path = labels;
			sourceTree = "<group>";
		};
		D2E0E35D262A8C33002ECBA7 /* view_controllers */ = {
			isa = PBXGroup;
			children = (
				D268D866262E652300E47F02 /* item_user_info */,
				D2A230642625DC300033F67C /* AlertVC.swift */,
				D2555991262BA5D800A84CB8 /* UserDetailsHeaderVC.swift */,
			);
			path = view_controllers;
			sourceTree = "<group>";
		};
		D2E0E35E262A8C59002ECBA7 /* images */ = {
			isa = PBXGroup;
			children = (
				D25585B92628DBC200EC7725 /* CustomFollowerImage.swift */,
			);
			path = images;
			sourceTree = "<group>";
		};
		D2E0E35F262A8C64002ECBA7 /* cell */ = {
			isa = PBXGroup;
			children = (
				D25585BB2628DC0C00EC7725 /* FollowerCollectionViewCell.swift */,
			);
			path = cell;
			sourceTree = "<group>";
		};
		D2E0E360262A8C6E002ECBA7 /* views */ = {
			isa = PBXGroup;
			children = (
				D2E0E361262A8CAE002ECBA7 /* EmptyStateView.swift */,
				D268D862262E493900E47F02 /* ItemInfoView.swift */,
			);
			path = views;
			sourceTree = "<group>";
		};
/* End PBXGroup section */

/* Begin PBXNativeTarget section */
		D2A615D82623C543003A524F /* Github-Followers */ = {
			isa = PBXNativeTarget;
			buildConfigurationList = D2A615ED2623C54A003A524F /* Build configuration list for PBXNativeTarget "Github-Followers" */;
			buildPhases = (
				D2A615D52623C543003A524F /* Sources */,
				D2A615D62623C543003A524F /* Frameworks */,
				D2A615D72623C543003A524F /* Resources */,
			);
			buildRules = (
			);
			dependencies = (
			);
			name = "Github-Followers";
			productName = "Github-Followers";
			productReference = D2A615D92623C543003A524F /* Github-Followers.app */;
			productType = "com.apple.product-type.application";
		};
/* End PBXNativeTarget section */

/* Begin PBXProject section */
		D2A615D12623C543003A524F /* Project object */ = {
			isa = PBXProject;
			attributes = {
				LastSwiftUpdateCheck = 1140;
				LastUpgradeCheck = 1140;
				ORGANIZATIONNAME = ITI;
				TargetAttributes = {
					D2A615D82623C543003A524F = {
						CreatedOnToolsVersion = 11.4;
					};
				};
			};
			buildConfigurationList = D2A615D42623C543003A524F /* Build configuration list for PBXProject "Github-Followers" */;
			compatibilityVersion = "Xcode 9.3";
			developmentRegion = en;
			hasScannedForEncodings = 0;
			knownRegions = (
				en,
				Base,
			);
			mainGroup = D2A615D02623C543003A524F;
			productRefGroup = D2A615DA2623C543003A524F /* Products */;
			projectDirPath = "";
			projectRoot = "";
			targets = (
				D2A615D82623C543003A524F /* Github-Followers */,
			);
		};
/* End PBXProject section */

/* Begin PBXResourcesBuildPhase section */
		D2A615D72623C543003A524F /* Resources */ = {
			isa = PBXResourcesBuildPhase;
			buildActionMask = 2147483647;
			files = (
				D2A615E92623C54A003A524F /* LaunchScreen.storyboard in Resources */,
				D2A615E62623C54A003A524F /* Assets.xcassets in Resources */,
			);
			runOnlyForDeploymentPostprocessing = 0;
		};
/* End PBXResourcesBuildPhase section */

/* Begin PBXSourcesBuildPhase section */
		D2A615D52623C543003A524F /* Sources */ = {
			isa = PBXSourcesBuildPhase;
			buildActionMask = 2147483647;
			files = (
				D271BDE3262631070007EF81 /* User.swift in Sources */,
				D271BDE52626312F0007EF81 /* Follower.swift in Sources */,
				D268D868262E655500E47F02 /* GithubFollowerItemVc.swift in Sources */,
				D2E0E362262A8CAE002ECBA7 /* EmptyStateView.swift in Sources */,
				D25BFD582624E5A0000A2A0E /* MyCustomButton.swift in Sources */,
				D2A230632625DB930033F67C /* customBodyLabel.swift in Sources */,
				D271BDDC2625E3D10007EF81 /* UIViewController+Extensions.swift in Sources */,
				D2555990262B97A600A84CB8 /* SecondaryTitleLabel.swift in Sources */,
				D29C9B97262FD42500817967 /* String+Ext.swift in Sources */,
				D2555992262BA5D900A84CB8 /* UserDetailsHeaderVC.swift in Sources */,
				D29C9B95262FD40D00817967 /* Date+Ext.swift in Sources */,
				D25C063F2624AB1800B4A2B6 /* SearchVC.swift in Sources */,
				D268D863262E493900E47F02 /* ItemInfoView.swift in Sources */,
				D260D8CF262B6DB700A6B1BB /* RequestWrapper.swift in Sources */,
				D25585BC2628DC0C00EC7725 /* FollowerCollectionViewCell.swift in Sources */,
				D25C06412624AB2D00B4A2B6 /* FavouritesVC.swift in Sources */,
				D268D86A262E673500E47F02 /* RepositoryItemVC.swift in Sources */,
				D25BFD5A2624E82F000A2A0E /* MyCustomTextField.swift in Sources */,
				D25585BA2628DBC200EC7725 /* CustomFollowerImage.swift in Sources */,
				D298624C2633A350006A1152 /* PersistenceManager.swift in Sources */,
				D2A230612625DB800033F67C /* CustomTitleLabel.swift in Sources */,
				D2BB20AA262B3AA300C80A2F /* UserDetailsVC.swift in Sources */,
				D25BFD5E26250EA0000A2A0E /* FollowersVC.swift in Sources */,
				D260D8D2262B6FEF00A6B1BB /* DataSourceWrapper.swift in Sources */,
				D268D865262E585C00E47F02 /* GeneralItemInfoVC.swift in Sources */,
				D2A615DD2623C543003A524F /* AppDelegate.swift in Sources */,
				D2A230652625DC300033F67C /* AlertVC.swift in Sources */,
				D258DF4B2628A89E00CE501D /* ErrorMessage.swift in Sources */,
				D2A367FC2629E6320005C160 /* UIHelper.swift in Sources */,
				D258DF492628898600CE501D /* NetworkManager.swift in Sources */,
				D2A615DF2623C543003A524F /* SceneDelegate.swift in Sources */,
				D25BFD5C2624FD2E000A2A0E /* Constants.swift in Sources */,
			);
			runOnlyForDeploymentPostprocessing = 0;
		};
/* End PBXSourcesBuildPhase section */

/* Begin PBXVariantGroup section */
		D2A615E72623C54A003A524F /* LaunchScreen.storyboard */ = {
			isa = PBXVariantGroup;
			children = (
				D2A615E82623C54A003A524F /* Base */,
			);
			name = LaunchScreen.storyboard;
			sourceTree = "<group>";
		};
/* End PBXVariantGroup section */

/* Begin XCBuildConfiguration section */
		D2A615EB2623C54A003A524F /* Debug */ = {
			isa = XCBuildConfiguration;
			buildSettings = {
				ALWAYS_SEARCH_USER_PATHS = NO;
				CLANG_ANALYZER_NONNULL = YES;
				CLANG_ANALYZER_NUMBER_OBJECT_CONVERSION = YES_AGGRESSIVE;
				CLANG_CXX_LANGUAGE_STANDARD = "gnu++14";
				CLANG_CXX_LIBRARY = "libc++";
				CLANG_ENABLE_MODULES = YES;
				CLANG_ENABLE_OBJC_ARC = YES;
				CLANG_ENABLE_OBJC_WEAK = YES;
				CLANG_WARN_BLOCK_CAPTURE_AUTORELEASING = YES;
				CLANG_WARN_BOOL_CONVERSION = YES;
				CLANG_WARN_COMMA = YES;
				CLANG_WARN_CONSTANT_CONVERSION = YES;
				CLANG_WARN_DEPRECATED_OBJC_IMPLEMENTATIONS = YES;
				CLANG_WARN_DIRECT_OBJC_ISA_USAGE = YES_ERROR;
				CLANG_WARN_DOCUMENTATION_COMMENTS = YES;
				CLANG_WARN_EMPTY_BODY = YES;
				CLANG_WARN_ENUM_CONVERSION = YES;
				CLANG_WARN_INFINITE_RECURSION = YES;
				CLANG_WARN_INT_CONVERSION = YES;
				CLANG_WARN_NON_LITERAL_NULL_CONVERSION = YES;
				CLANG_WARN_OBJC_IMPLICIT_RETAIN_SELF = YES;
				CLANG_WARN_OBJC_LITERAL_CONVERSION = YES;
				CLANG_WARN_OBJC_ROOT_CLASS = YES_ERROR;
				CLANG_WARN_RANGE_LOOP_ANALYSIS = YES;
				CLANG_WARN_STRICT_PROTOTYPES = YES;
				CLANG_WARN_SUSPICIOUS_MOVE = YES;
				CLANG_WARN_UNGUARDED_AVAILABILITY = YES_AGGRESSIVE;
				CLANG_WARN_UNREACHABLE_CODE = YES;
				CLANG_WARN__DUPLICATE_METHOD_MATCH = YES;
				COPY_PHASE_STRIP = NO;
				DEBUG_INFORMATION_FORMAT = dwarf;
				ENABLE_STRICT_OBJC_MSGSEND = YES;
				ENABLE_TESTABILITY = YES;
				GCC_C_LANGUAGE_STANDARD = gnu11;
				GCC_DYNAMIC_NO_PIC = NO;
				GCC_NO_COMMON_BLOCKS = YES;
				GCC_OPTIMIZATION_LEVEL = 0;
				GCC_PREPROCESSOR_DEFINITIONS = (
					"DEBUG=1",
					"$(inherited)",
				);
				GCC_WARN_64_TO_32_BIT_CONVERSION = YES;
				GCC_WARN_ABOUT_RETURN_TYPE = YES_ERROR;
				GCC_WARN_UNDECLARED_SELECTOR = YES;
				GCC_WARN_UNINITIALIZED_AUTOS = YES_AGGRESSIVE;
				GCC_WARN_UNUSED_FUNCTION = YES;
				GCC_WARN_UNUSED_VARIABLE = YES;
				IPHONEOS_DEPLOYMENT_TARGET = 13.4;
				MTL_ENABLE_DEBUG_INFO = INCLUDE_SOURCE;
				MTL_FAST_MATH = YES;
				ONLY_ACTIVE_ARCH = YES;
				SDKROOT = iphoneos;
				SWIFT_ACTIVE_COMPILATION_CONDITIONS = DEBUG;
				SWIFT_OPTIMIZATION_LEVEL = "-Onone";
			};
			name = Debug;
		};
		D2A615EC2623C54A003A524F /* Release */ = {
			isa = XCBuildConfiguration;
			buildSettings = {
				ALWAYS_SEARCH_USER_PATHS = NO;
				CLANG_ANALYZER_NONNULL = YES;
				CLANG_ANALYZER_NUMBER_OBJECT_CONVERSION = YES_AGGRESSIVE;
				CLANG_CXX_LANGUAGE_STANDARD = "gnu++14";
				CLANG_CXX_LIBRARY = "libc++";
				CLANG_ENABLE_MODULES = YES;
				CLANG_ENABLE_OBJC_ARC = YES;
				CLANG_ENABLE_OBJC_WEAK = YES;
				CLANG_WARN_BLOCK_CAPTURE_AUTORELEASING = YES;
				CLANG_WARN_BOOL_CONVERSION = YES;
				CLANG_WARN_COMMA = YES;
				CLANG_WARN_CONSTANT_CONVERSION = YES;
				CLANG_WARN_DEPRECATED_OBJC_IMPLEMENTATIONS = YES;
				CLANG_WARN_DIRECT_OBJC_ISA_USAGE = YES_ERROR;
				CLANG_WARN_DOCUMENTATION_COMMENTS = YES;
				CLANG_WARN_EMPTY_BODY = YES;
				CLANG_WARN_ENUM_CONVERSION = YES;
				CLANG_WARN_INFINITE_RECURSION = YES;
				CLANG_WARN_INT_CONVERSION = YES;
				CLANG_WARN_NON_LITERAL_NULL_CONVERSION = YES;
				CLANG_WARN_OBJC_IMPLICIT_RETAIN_SELF = YES;
				CLANG_WARN_OBJC_LITERAL_CONVERSION = YES;
				CLANG_WARN_OBJC_ROOT_CLASS = YES_ERROR;
				CLANG_WARN_RANGE_LOOP_ANALYSIS = YES;
				CLANG_WARN_STRICT_PROTOTYPES = YES;
				CLANG_WARN_SUSPICIOUS_MOVE = YES;
				CLANG_WARN_UNGUARDED_AVAILABILITY = YES_AGGRESSIVE;
				CLANG_WARN_UNREACHABLE_CODE = YES;
				CLANG_WARN__DUPLICATE_METHOD_MATCH = YES;
				COPY_PHASE_STRIP = NO;
				DEBUG_INFORMATION_FORMAT = "dwarf-with-dsym";
				ENABLE_NS_ASSERTIONS = NO;
				ENABLE_STRICT_OBJC_MSGSEND = YES;
				GCC_C_LANGUAGE_STANDARD = gnu11;
				GCC_NO_COMMON_BLOCKS = YES;
				GCC_WARN_64_TO_32_BIT_CONVERSION = YES;
				GCC_WARN_ABOUT_RETURN_TYPE = YES_ERROR;
				GCC_WARN_UNDECLARED_SELECTOR = YES;
				GCC_WARN_UNINITIALIZED_AUTOS = YES_AGGRESSIVE;
				GCC_WARN_UNUSED_FUNCTION = YES;
				GCC_WARN_UNUSED_VARIABLE = YES;
				IPHONEOS_DEPLOYMENT_TARGET = 13.4;
				MTL_ENABLE_DEBUG_INFO = NO;
				MTL_FAST_MATH = YES;
				SDKROOT = iphoneos;
				SWIFT_COMPILATION_MODE = wholemodule;
				SWIFT_OPTIMIZATION_LEVEL = "-O";
				VALIDATE_PRODUCT = YES;
			};
			name = Release;
		};
		D2A615EE2623C54A003A524F /* Debug */ = {
			isa = XCBuildConfiguration;
			buildSettings = {
				ASSETCATALOG_COMPILER_APPICON_NAME = AppIcon;
				CODE_SIGN_STYLE = Automatic;
				DEVELOPMENT_TEAM = C3285PZR24;
				INFOPLIST_FILE = "Github-Followers/Info.plist";
				LD_RUNPATH_SEARCH_PATHS = (
					"$(inherited)",
					"@executable_path/Frameworks",
				);
				PRODUCT_BUNDLE_IDENTIFIER = "native-mobile-iti.Github-Followers";
				PRODUCT_NAME = "$(TARGET_NAME)";
				SWIFT_VERSION = 5.0;
				TARGETED_DEVICE_FAMILY = "1,2";
			};
			name = Debug;
		};
		D2A615EF2623C54A003A524F /* Release */ = {
			isa = XCBuildConfiguration;
			buildSettings = {
				ASSETCATALOG_COMPILER_APPICON_NAME = AppIcon;
				CODE_SIGN_STYLE = Automatic;
				DEVELOPMENT_TEAM = C3285PZR24;
				INFOPLIST_FILE = "Github-Followers/Info.plist";
				LD_RUNPATH_SEARCH_PATHS = (
					"$(inherited)",
					"@executable_path/Frameworks",
				);
				PRODUCT_BUNDLE_IDENTIFIER = "native-mobile-iti.Github-Followers";
				PRODUCT_NAME = "$(TARGET_NAME)";
				SWIFT_VERSION = 5.0;
				TARGETED_DEVICE_FAMILY = "1,2";
			};
			name = Release;
		};
/* End XCBuildConfiguration section */

/* Begin XCConfigurationList section */
		D2A615D42623C543003A524F /* Build configuration list for PBXProject "Github-Followers" */ = {
			isa = XCConfigurationList;
			buildConfigurations = (
				D2A615EB2623C54A003A524F /* Debug */,
				D2A615EC2623C54A003A524F /* Release */,
			);
			defaultConfigurationIsVisible = 0;
			defaultConfigurationName = Release;
		};
		D2A615ED2623C54A003A524F /* Build configuration list for PBXNativeTarget "Github-Followers" */ = {
			isa = XCConfigurationList;
			buildConfigurations = (
				D2A615EE2623C54A003A524F /* Debug */,
				D2A615EF2623C54A003A524F /* Release */,
			);
			defaultConfigurationIsVisible = 0;
			defaultConfigurationName = Release;
		};
/* End XCConfigurationList section */
	};
	rootObject = D2A615D12623C543003A524F /* Project object */;
}
